// !$*UTF8*$!
{
	archiveVersion = 1;
	classes = {
	};
	objectVersion = 46;
	objects = {

/* Begin PBXBuildFile section */
		328473221650536C00A9D62A /* fileOps.m in Sources */ = {isa = PBXBuildFile; fileRef = 328473211650536C00A9D62A /* fileOps.m */; };
		328602C7165A61F00006F91E /* communicator.m in Sources */ = {isa = PBXBuildFile; fileRef = 328602C6165A61F00006F91E /* communicator.m */; };
		32C218BF16527FC30024E731 /* processing.m in Sources */ = {isa = PBXBuildFile; fileRef = 32C218BE16527FC30024E731 /* processing.m */; };
		32D352E4164D8CF600364CF9 /* Default-568h@2x.png in Resources */ = {isa = PBXBuildFile; fileRef = 32D352E3164D8CF600364CF9 /* Default-568h@2x.png */; };
		32D352E7164D8E4C00364CF9 /* CAStreamBasicDescription.cpp in Sources */ = {isa = PBXBuildFile; fileRef = 32D352E6164D8E4C00364CF9 /* CAStreamBasicDescription.cpp */; };
		B4BA4ABE162056B200520207 /* UIKit.framework in Frameworks */ = {isa = PBXBuildFile; fileRef = B4BA4ABD162056B200520207 /* UIKit.framework */; };
		B4BA4AC0162056B200520207 /* Foundation.framework in Frameworks */ = {isa = PBXBuildFile; fileRef = B4BA4ABF162056B200520207 /* Foundation.framework */; };
		B4BA4AC2162056B200520207 /* CoreGraphics.framework in Frameworks */ = {isa = PBXBuildFile; fileRef = B4BA4AC1162056B200520207 /* CoreGraphics.framework */; };
		B4BA4AC8162056B300520207 /* InfoPlist.strings in Resources */ = {isa = PBXBuildFile; fileRef = B4BA4AC6162056B300520207 /* InfoPlist.strings */; };
		B4BA4ACA162056B300520207 /* main.m in Sources */ = {isa = PBXBuildFile; fileRef = B4BA4AC9162056B300520207 /* main.m */; };
		B4BA4ACE162056B300520207 /* trAppDelegate.m in Sources */ = {isa = PBXBuildFile; fileRef = B4BA4ACD162056B300520207 /* trAppDelegate.m */; };
		B4BA4AD1162056B300520207 /* trViewController.m in Sources */ = {isa = PBXBuildFile; fileRef = B4BA4AD0162056B300520207 /* trViewController.m */; };
		B4BA4AD4162056B300520207 /* trViewController.xib in Resources */ = {isa = PBXBuildFile; fileRef = B4BA4AD2162056B300520207 /* trViewController.xib */; };
		B4BA4ADC1620571500520207 /* audioController.m in Sources */ = {isa = PBXBuildFile; fileRef = B4BA4ADB1620571400520207 /* audioController.m */; };
		B4BA4AE11620617600520207 /* AudioToolbox.framework in Frameworks */ = {isa = PBXBuildFile; fileRef = B4BA4AE01620617600520207 /* AudioToolbox.framework */; };
/* End PBXBuildFile section */

/* Begin PBXFileReference section */
		328473201650536C00A9D62A /* fileOps.h */ = {isa = PBXFileReference; fileEncoding = 4; lastKnownFileType = sourcecode.c.h; path = fileOps.h; sourceTree = "<group>"; };
		328473211650536C00A9D62A /* fileOps.m */ = {isa = PBXFileReference; fileEncoding = 4; lastKnownFileType = sourcecode.c.objc; path = fileOps.m; sourceTree = "<group>"; };
		328602C5165A61F00006F91E /* communicator.h */ = {isa = PBXFileReference; fileEncoding = 4; lastKnownFileType = sourcecode.c.h; path = communicator.h; sourceTree = "<group>"; };
		328602C6165A61F00006F91E /* communicator.m */ = {isa = PBXFileReference; fileEncoding = 4; lastKnownFileType = sourcecode.c.objc; path = communicator.m; sourceTree = "<group>"; };
		32C218BD16527FC30024E731 /* processing.h */ = {isa = PBXFileReference; fileEncoding = 4; lastKnownFileType = sourcecode.c.h; path = processing.h; sourceTree = "<group>"; };
		32C218BE16527FC30024E731 /* processing.m */ = {isa = PBXFileReference; fileEncoding = 4; lastKnownFileType = sourcecode.c.objc; path = processing.m; sourceTree = "<group>"; };
		32D352E3164D8CF600364CF9 /* Default-568h@2x.png */ = {isa = PBXFileReference; lastKnownFileType = image.png; path = "Default-568h@2x.png"; sourceTree = "<group>"; };
		32D352E6164D8E4C00364CF9 /* CAStreamBasicDescription.cpp */ = {isa = PBXFileReference; fileEncoding = 4; lastKnownFileType = sourcecode.cpp.cpp; name = CAStreamBasicDescription.cpp; path = "../../../../../../Volumes/secondHd/audio tools/CoreAudio/PublicUtility/CAStreamBasicDescription.cpp"; sourceTree = "<group>"; };
		32D352E8164D8E5600364CF9 /* CAStreamBasicDescription.h */ = {isa = PBXFileReference; lastKnownFileType = sourcecode.c.h; name = CAStreamBasicDescription.h; path = "../../../../../../Volumes/secondHd/audio tools/CoreAudio/PublicUtility/CAStreamBasicDescription.h"; sourceTree = "<group>"; };
		B4BA4AB9162056B200520207 /* batapp.app */ = {isa = PBXFileReference; explicitFileType = wrapper.application; includeInIndex = 0; path = batapp.app; sourceTree = BUILT_PRODUCTS_DIR; };
		B4BA4ABD162056B200520207 /* UIKit.framework */ = {isa = PBXFileReference; lastKnownFileType = wrapper.framework; name = UIKit.framework; path = System/Library/Frameworks/UIKit.framework; sourceTree = SDKROOT; };
		B4BA4ABF162056B200520207 /* Foundation.framework */ = {isa = PBXFileReference; lastKnownFileType = wrapper.framework; name = Foundation.framework; path = System/Library/Frameworks/Foundation.framework; sourceTree = SDKROOT; };
		B4BA4AC1162056B200520207 /* CoreGraphics.framework */ = {isa = PBXFileReference; lastKnownFileType = wrapper.framework; name = CoreGraphics.framework; path = System/Library/Frameworks/CoreGraphics.framework; sourceTree = SDKROOT; };
		B4BA4AC5162056B300520207 /* batapp-Info.plist */ = {isa = PBXFileReference; lastKnownFileType = text.plist.xml; path = "batapp-Info.plist"; sourceTree = "<group>"; };
		B4BA4AC7162056B300520207 /* en */ = {isa = PBXFileReference; lastKnownFileType = text.plist.strings; name = en; path = en.lproj/InfoPlist.strings; sourceTree = "<group>"; };
		B4BA4AC9162056B300520207 /* main.m */ = {isa = PBXFileReference; lastKnownFileType = sourcecode.c.objc; path = main.m; sourceTree = "<group>"; };
		B4BA4ACB162056B300520207 /* batapp-Prefix.pch */ = {isa = PBXFileReference; lastKnownFileType = sourcecode.c.h; path = "batapp-Prefix.pch"; sourceTree = "<group>"; };
		B4BA4ACC162056B300520207 /* trAppDelegate.h */ = {isa = PBXFileReference; lastKnownFileType = sourcecode.c.h; path = trAppDelegate.h; sourceTree = "<group>"; };
		B4BA4ACD162056B300520207 /* trAppDelegate.m */ = {isa = PBXFileReference; lastKnownFileType = sourcecode.c.objc; path = trAppDelegate.m; sourceTree = "<group>"; };
		B4BA4ACF162056B300520207 /* trViewController.h */ = {isa = PBXFileReference; lastKnownFileType = sourcecode.c.h; path = trViewController.h; sourceTree = "<group>"; };
		B4BA4AD0162056B300520207 /* trViewController.m */ = {isa = PBXFileReference; lastKnownFileType = sourcecode.c.objc; path = trViewController.m; sourceTree = "<group>"; };
		B4BA4AD3162056B300520207 /* en */ = {isa = PBXFileReference; lastKnownFileType = file.xib; name = en; path = en.lproj/trViewController.xib; sourceTree = "<group>"; };
		B4BA4ADA1620571400520207 /* audioController.h */ = {isa = PBXFileReference; fileEncoding = 4; lastKnownFileType = sourcecode.c.h; path = audioController.h; sourceTree = "<group>"; };
		B4BA4ADB1620571400520207 /* audioController.m */ = {isa = PBXFileReference; fileEncoding = 4; lastKnownFileType = sourcecode.c.objc; path = audioController.m; sourceTree = "<group>"; };
		B4BA4AE01620617600520207 /* AudioToolbox.framework */ = {isa = PBXFileReference; lastKnownFileType = wrapper.framework; name = AudioToolbox.framework; path = System/Library/Frameworks/AudioToolbox.framework; sourceTree = SDKROOT; };
/* End PBXFileReference section */

/* Begin PBXFrameworksBuildPhase section */
		B4BA4AB6162056B200520207 /* Frameworks */ = {
			isa = PBXFrameworksBuildPhase;
			buildActionMask = 2147483647;
			files = (
				B4BA4AE11620617600520207 /* AudioToolbox.framework in Frameworks */,
				B4BA4ABE162056B200520207 /* UIKit.framework in Frameworks */,
				B4BA4AC0162056B200520207 /* Foundation.framework in Frameworks */,
				B4BA4AC2162056B200520207 /* CoreGraphics.framework in Frameworks */,
			);
			runOnlyForDeploymentPostprocessing = 0;
		};
/* End PBXFrameworksBuildPhase section */

/* Begin PBXGroup section */
		B4BA4AAE162056B100520207 = {
			isa = PBXGroup;
			children = (
				32D352E3164D8CF600364CF9 /* Default-568h@2x.png */,
				B4BA4AC3162056B200520207 /* sonar1 */,
				B4BA4ABC162056B200520207 /* Frameworks */,
				B4BA4ABA162056B200520207 /* Products */,
			);
			sourceTree = "<group>";
		};
		B4BA4ABA162056B200520207 /* Products */ = {
			isa = PBXGroup;
			children = (
				B4BA4AB9162056B200520207 /* batapp.app */,
			);
			name = Products;
			sourceTree = "<group>";
		};
		B4BA4ABC162056B200520207 /* Frameworks */ = {
			isa = PBXGroup;
			children = (
				B4BA4AE01620617600520207 /* AudioToolbox.framework */,
				B4BA4ABD162056B200520207 /* UIKit.framework */,
				B4BA4ABF162056B200520207 /* Foundation.framework */,
				B4BA4AC1162056B200520207 /* CoreGraphics.framework */,
			);
			name = Frameworks;
			sourceTree = "<group>";
		};
		B4BA4AC3162056B200520207 /* sonar1 */ = {
			isa = PBXGroup;
			children = (
				328602C5165A61F00006F91E /* communicator.h */,
				328602C6165A61F00006F91E /* communicator.m */,
				B4BA4ACC162056B300520207 /* trAppDelegate.h */,
				32C218BD16527FC30024E731 /* processing.h */,
				32C218BE16527FC30024E731 /* processing.m */,
				B4BA4ACD162056B300520207 /* trAppDelegate.m */,
				328473201650536C00A9D62A /* fileOps.h */,
				328473211650536C00A9D62A /* fileOps.m */,
				B4BA4ADA1620571400520207 /* audioController.h */,
				B4BA4ADB1620571400520207 /* audioController.m */,
				B4BA4ACF162056B300520207 /* trViewController.h */,
				B4BA4AD0162056B300520207 /* trViewController.m */,
				B4BA4AD2162056B300520207 /* trViewController.xib */,
				B4BA4AC4162056B200520207 /* Supporting Files */,
			);
			path = sonar1;
			sourceTree = "<group>";
		};
		B4BA4AC4162056B200520207 /* Supporting Files */ = {
			isa = PBXGroup;
			children = (
				32D352E8164D8E5600364CF9 /* CAStreamBasicDescription.h */,
				32D352E6164D8E4C00364CF9 /* CAStreamBasicDescription.cpp */,
				B4BA4AC5162056B300520207 /* batapp-Info.plist */,
				B4BA4AC6162056B300520207 /* InfoPlist.strings */,
				B4BA4AC9162056B300520207 /* main.m */,
				B4BA4ACB162056B300520207 /* batapp-Prefix.pch */,
			);
			name = "Supporting Files";
			sourceTree = "<group>";
		};
/* End PBXGroup section */

/* Begin PBXNativeTarget section */
		B4BA4AB8162056B200520207 /* batapp */ = {
			isa = PBXNativeTarget;
			buildConfigurationList = B4BA4AD7162056B300520207 /* Build configuration list for PBXNativeTarget "batapp" */;
			buildPhases = (
				B4BA4AB5162056B200520207 /* Sources */,
				B4BA4AB6162056B200520207 /* Frameworks */,
				B4BA4AB7162056B200520207 /* Resources */,
			);
			buildRules = (
			);
			dependencies = (
			);
			name = batapp;
			productName = sonar1;
			productReference = B4BA4AB9162056B200520207 /* batapp.app */;
			productType = "com.apple.product-type.application";
		};
/* End PBXNativeTarget section */

/* Begin PBXProject section */
		B4BA4AB0162056B100520207 /* Project object */ = {
			isa = PBXProject;
			attributes = {
				LastUpgradeCheck = 0420;
			};
			buildConfigurationList = B4BA4AB3162056B100520207 /* Build configuration list for PBXProject "batapp" */;
			compatibilityVersion = "Xcode 3.2";
			developmentRegion = English;
			hasScannedForEncodings = 0;
			knownRegions = (
				en,
			);
			mainGroup = B4BA4AAE162056B100520207;
			productRefGroup = B4BA4ABA162056B200520207 /* Products */;
			projectDirPath = "";
			projectRoot = "";
			targets = (
				B4BA4AB8162056B200520207 /* batapp */,
			);
		};
/* End PBXProject section */

/* Begin PBXResourcesBuildPhase section */
		B4BA4AB7162056B200520207 /* Resources */ = {
			isa = PBXResourcesBuildPhase;
			buildActionMask = 2147483647;
			files = (
				B4BA4AC8162056B300520207 /* InfoPlist.strings in Resources */,
				B4BA4AD4162056B300520207 /* trViewController.xib in Resources */,
				32D352E4164D8CF600364CF9 /* Default-568h@2x.png in Resources */,
			);
			runOnlyForDeploymentPostprocessing = 0;
		};
/* End PBXResourcesBuildPhase section */

/* Begin PBXSourcesBuildPhase section */
		B4BA4AB5162056B200520207 /* Sources */ = {
			isa = PBXSourcesBuildPhase;
			buildActionMask = 2147483647;
			files = (
				B4BA4ACA162056B300520207 /* main.m in Sources */,
				B4BA4ACE162056B300520207 /* trAppDelegate.m in Sources */,
				B4BA4AD1162056B300520207 /* trViewController.m in Sources */,
				B4BA4ADC1620571500520207 /* audioController.m in Sources */,
				32D352E7164D8E4C00364CF9 /* CAStreamBasicDescription.cpp in Sources */,
				328473221650536C00A9D62A /* fileOps.m in Sources */,
				32C218BF16527FC30024E731 /* processing.m in Sources */,
				328602C7165A61F00006F91E /* communicator.m in Sources */,
			);
			runOnlyForDeploymentPostprocessing = 0;
		};
/* End PBXSourcesBuildPhase section */

/* Begin PBXVariantGroup section */
		B4BA4AC6162056B300520207 /* InfoPlist.strings */ = {
			isa = PBXVariantGroup;
			children = (
				B4BA4AC7162056B300520207 /* en */,
			);
			name = InfoPlist.strings;
			sourceTree = "<group>";
		};
		B4BA4AD2162056B300520207 /* trViewController.xib */ = {
			isa = PBXVariantGroup;
			children = (
				B4BA4AD3162056B300520207 /* en */,
			);
			name = trViewController.xib;
			sourceTree = "<group>";
		};
/* End PBXVariantGroup section */

/* Begin XCBuildConfiguration section */
		B4BA4AD5162056B300520207 /* Debug */ = {
			isa = XCBuildConfiguration;
			buildSettings = {
				ALWAYS_SEARCH_USER_PATHS = NO;
				ARCHS = "$(ARCHS_STANDARD_32_BIT)";
				"CODE_SIGN_IDENTITY[sdk=iphoneos*]" = "iPhone Developer";
				COPY_PHASE_STRIP = NO;
				GCC_C_LANGUAGE_STANDARD = gnu99;
				GCC_DYNAMIC_NO_PIC = NO;
				GCC_OPTIMIZATION_LEVEL = 0;
				GCC_PREPROCESSOR_DEFINITIONS = (
					"DEBUG=1",
					"$(inherited)",
				);
				GCC_SYMBOLS_PRIVATE_EXTERN = NO;
				GCC_VERSION = com.apple.compilers.llvm.clang.1_0;
				GCC_WARN_ABOUT_MISSING_PROTOTYPES = YES;
				GCC_WARN_ABOUT_RETURN_TYPE = YES;
				GCC_WARN_UNUSED_VARIABLE = YES;
				IPHONEOS_DEPLOYMENT_TARGET = 5.0;
				SDKROOT = iphoneos;
			};
			name = Debug;
		};
		B4BA4AD6162056B300520207 /* Release */ = {
			isa = XCBuildConfiguration;
			buildSettings = {
				ALWAYS_SEARCH_USER_PATHS = NO;
				ARCHS = "$(ARCHS_STANDARD_32_BIT)";
				"CODE_SIGN_IDENTITY[sdk=iphoneos*]" = "iPhone Developer";
				COPY_PHASE_STRIP = YES;
				GCC_C_LANGUAGE_STANDARD = gnu99;
				GCC_VERSION = com.apple.compilers.llvm.clang.1_0;
				GCC_WARN_ABOUT_MISSING_PROTOTYPES = YES;
				GCC_WARN_ABOUT_RETURN_TYPE = YES;
				GCC_WARN_UNUSED_VARIABLE = YES;
				INFOPLIST_PREPROCESSOR_DEFINITIONS = "";
				IPHONEOS_DEPLOYMENT_TARGET = 5.0;
				OTHER_CFLAGS = "-DNS_BLOCK_ASSERTIONS=1";
				SDKROOT = iphoneos;
				VALIDATE_PRODUCT = YES;
			};
			name = Release;
		};
		B4BA4AD8162056B300520207 /* Debug */ = {
			isa = XCBuildConfiguration;
			buildSettings = {
				CODE_SIGN_IDENTITY = "iPhone Developer";
				GCC_PRECOMPILE_PREFIX_HEADER = YES;
				GCC_PREFIX_HEADER = "sonar1/batapp-Prefix.pch";
				INFOPLIST_FILE = "sonar1/batapp-Info.plist";
				OTHER_CFLAGS = (
					"-x",
					"objective-c++",
				);
				PRODUCT_NAME = batapp;
				PROVISIONING_PROFILE = "";
				TARGETED_DEVICE_FAMILY = "1,2";
				WRAPPER_EXTENSION = app;
			};
			name = Debug;
		};
		B4BA4AD9162056B300520207 /* Release */ = {
			isa = XCBuildConfiguration;
			buildSettings = {
				CODE_SIGN_IDENTITY = "iPhone Developer";
				GCC_PRECOMPILE_PREFIX_HEADER = YES;
				GCC_PREFIX_HEADER = "sonar1/batapp-Prefix.pch";
				INFOPLIST_FILE = "sonar1/batapp-Info.plist";
				OTHER_CFLAGS = (
					"-DNS_BLOCK_ASSERTIONS=1",
					"-x",
					"objective-c++",
				);
				PRODUCT_NAME = batapp;
				PROVISIONING_PROFILE = "";
				TARGETED_DEVICE_FAMILY = "1,2";
				WRAPPER_EXTENSION = app;
			};
			name = Release;
		};
/* End XCBuildConfiguration section */

/* Begin XCConfigurationList section */
		B4BA4AB3162056B100520207 /* Build configuration list for PBXProject "batapp" */ = {
			isa = XCConfigurationList;
			buildConfigurations = (
				B4BA4AD5162056B300520207 /* Debug */,
				B4BA4AD6162056B300520207 /* Release */,
			);
			defaultConfigurationIsVisible = 0;
			defaultConfigurationName = Release;
		};
		B4BA4AD7162056B300520207 /* Build configuration list for PBXNativeTarget "batapp" */ = {
			isa = XCConfigurationList;
			buildConfigurations = (
				B4BA4AD8162056B300520207 /* Debug */,
				B4BA4AD9162056B300520207 /* Release */,
			);
			defaultConfigurationIsVisible = 0;
			defaultConfigurationName = Release;
		};
/* End XCConfigurationList section */
	};
	rootObject = B4BA4AB0162056B100520207 /* Project object */;
}
